# This file is autogenerated, do not edit; changes may be undone by the next 'dep ensure'.


[[projects]]
  branch = "master"
  digest = "1:cd596abe1695f597a9acb7041e6f450b6c856452f9cbf643863784825fffeaaf"
  name = "github.com/zerospam/check-firewall"
  packages = ["lib/tls-generator"]
  pruneopts = "UT"
  revision = "ba18e040fc4052dc248c5a43aac02f4c785bb75c"

[solve-meta]
  analyzer-name = "dep"
  analyzer-version = 1
  input-imports = ["github.com/zerospam/check-firewall/lib/tls-generator"]
  solver-name = "gps-cdcl"
  solver-version = 1
